
Microsoft Visual Studio Solution File, Format Version 12.00
# Visual Studio Version 16
VisualStudioVersion = 16.0.29613.14
MinimumVisualStudioVersion = 10.0.40219.1
Project("{9A19103F-16F7-4668-BE54-9A1E7A4F7556}") = "EthereumEventTrigger.Extension", "src\EthereumEventTrigger.Extension\EthereumEventTrigger.Extension.csproj", "{224D4B56-E5B4-433E-950D-3D04A15A4F7A}"
EndProject
Project("{9A19103F-16F7-4668-BE54-9A1E7A4F7556}") = "EthereumEventTrigger.TestApp", "src\EthereumEventTrigger.TestApp\EthereumEventTrigger.TestApp.csproj", "{A361192F-FBDE-439A-AF80-6D02D9E07222}"
EndProject
Global
	GlobalSection(SolutionConfigurationPlatforms) = preSolution
		Debug|Any CPU = Debug|Any CPU
		Release|Any CPU = Release|Any CPU
	EndGlobalSection
	GlobalSection(ProjectConfigurationPlatforms) = postSolution
		{224D4B56-E5B4-433E-950D-3D04A15A4F7A}.Debug|Any CPU.ActiveCfg = Debug|Any CPU
		{224D4B56-E5B4-433E-950D-3D04A15A4F7A}.Debug|Any CPU.Build.0 = Debug|Any CPU
		{224D4B56-E5B4-433E-950D-3D04A15A4F7A}.Release|Any CPU.ActiveCfg = Release|Any CPU
		{224D4B56-E5B4-433E-950D-3D04A15A4F7A}.Release|Any CPU.Build.0 = Release|Any CPU
		{A361192F-FBDE-439A-AF80-6D02D9E07222}.Debug|Any CPU.ActiveCfg = Debug|Any CPU
		{A361192F-FBDE-439A-AF80-6D02D9E07222}.Debug|Any CPU.Build.0 = Debug|Any CPU
		{A361192F-FBDE-439A-AF80-6D02D9E07222}.Release|Any CPU.ActiveCfg = Release|Any CPU
		{A361192F-FBDE-439A-AF80-6D02D9E07222}.Release|Any CPU.Build.0 = Release|Any CPU
	EndGlobalSection
	GlobalSection(SolutionProperties) = preSolution
		HideSolutionNode = FALSE
	EndGlobalSection
	GlobalSection(ExtensibilityGlobals) = postSolution
		SolutionGuid = {B9DF5C79-83CA-4242-96CF-6C52BC1763FA}
	EndGlobalSection
EndGlobal
